// !$*UTF8*$!
{
	archiveVersion = 1;
	classes = {
	};
	objectVersion = 46;
	objects = {

/* Begin PBXBuildFile section */
		4062F3C8103C58048021656C /* libPods-A_Category.a in Frameworks */ = {isa = PBXBuildFile; fileRef = E9064B4457A03C6856BE5510 /* libPods-A_Category.a */; };
		943177181F6904F700CEED44 /* main.m in Sources */ = {isa = PBXBuildFile; fileRef = 943177171F6904F700CEED44 /* main.m */; };
		9431771B1F6904F700CEED44 /* AppDelegate.m in Sources */ = {isa = PBXBuildFile; fileRef = 9431771A1F6904F700CEED44 /* AppDelegate.m */; };
		9431771E1F6904F700CEED44 /* ViewController.m in Sources */ = {isa = PBXBuildFile; fileRef = 9431771D1F6904F700CEED44 /* ViewController.m */; };
		943177211F6904F700CEED44 /* Main.storyboard in Resources */ = {isa = PBXBuildFile; fileRef = 9431771F1F6904F700CEED44 /* Main.storyboard */; };
		943177231F6904F700CEED44 /* Assets.xcassets in Resources */ = {isa = PBXBuildFile; fileRef = 943177221F6904F700CEED44 /* Assets.xcassets */; };
		943177261F6904F700CEED44 /* LaunchScreen.storyboard in Resources */ = {isa = PBXBuildFile; fileRef = 943177241F6904F700CEED44 /* LaunchScreen.storyboard */; };
		9431772E1F690EBB00CEED44 /* CTMediator+A.m in Sources */ = {isa = PBXBuildFile; fileRef = 9431772D1F690EBB00CEED44 /* CTMediator+A.m */; };
/* End PBXBuildFile section */

/* Begin PBXFileReference section */
		5B9B9D2E483FAD73D53ED0F1 /* Pods-A_Category.release.xcconfig */ = {isa = PBXFileReference; includeInIndex = 1; lastKnownFileType = text.xcconfig; name = "Pods-A_Category.release.xcconfig"; path = "Pods/Target Support Files/Pods-A_Category/Pods-A_Category.release.xcconfig"; sourceTree = "<group>"; };
		943177131F6904F700CEED44 /* A_Category.app */ = {isa = PBXFileReference; explicitFileType = wrapper.application; includeInIndex = 0; path = A_Category.app; sourceTree = BUILT_PRODUCTS_DIR; };
		943177171F6904F700CEED44 /* main.m */ = {isa = PBXFileReference; lastKnownFileType = sourcecode.c.objc; path = main.m; sourceTree = "<group>"; };
		943177191F6904F700CEED44 /* AppDelegate.h */ = {isa = PBXFileReference; lastKnownFileType = sourcecode.c.h; path = AppDelegate.h; sourceTree = "<group>"; };
		9431771A1F6904F700CEED44 /* AppDelegate.m */ = {isa = PBXFileReference; lastKnownFileType = sourcecode.c.objc; path = AppDelegate.m; sourceTree = "<group>"; };
		9431771C1F6904F700CEED44 /* ViewController.h */ = {isa = PBXFileReference; lastKnownFileType = sourcecode.c.h; path = ViewController.h; sourceTree = "<group>"; };
		9431771D1F6904F700CEED44 /* ViewController.m */ = {isa = PBXFileReference; lastKnownFileType = sourcecode.c.objc; path = ViewController.m; sourceTree = "<group>"; };
		943177201F6904F700CEED44 /* Base */ = {isa = PBXFileReference; lastKnownFileType = file.storyboard; name = Base; path = Base.lproj/Main.storyboard; sourceTree = "<group>"; };
		943177221F6904F700CEED44 /* Assets.xcassets */ = {isa = PBXFileReference; lastKnownFileType = folder.assetcatalog; path = Assets.xcassets; sourceTree = "<group>"; };
		943177251F6904F700CEED44 /* Base */ = {isa = PBXFileReference; lastKnownFileType = file.storyboard; name = Base; path = Base.lproj/LaunchScreen.storyboard; sourceTree = "<group>"; };
		943177271F6904F700CEED44 /* Info.plist */ = {isa = PBXFileReference; lastKnownFileType = text.plist.xml; path = Info.plist; sourceTree = "<group>"; };
		9431772D1F690EBB00CEED44 /* CTMediator+A.m */ = {isa = PBXFileReference; fileEncoding = 4; lastKnownFileType = sourcecode.c.objc; name = "CTMediator+A.m"; path = "A_Category/CTMediator+A.m"; sourceTree = "<group>"; };
		9431772F1F690ED500CEED44 /* CTMediator+A.h */ = {isa = PBXFileReference; fileEncoding = 4; lastKnownFileType = sourcecode.c.h; name = "CTMediator+A.h"; path = "A_Category/CTMediator+A.h"; sourceTree = "<group>"; };
		AEB6BFB19B32CAAB6B27FB28 /* Pods-A_Category.debug.xcconfig */ = {isa = PBXFileReference; includeInIndex = 1; lastKnownFileType = text.xcconfig; name = "Pods-A_Category.debug.xcconfig"; path = "Pods/Target Support Files/Pods-A_Category/Pods-A_Category.debug.xcconfig"; sourceTree = "<group>"; };
		E9064B4457A03C6856BE5510 /* libPods-A_Category.a */ = {isa = PBXFileReference; explicitFileType = archive.ar; includeInIndex = 0; path = "libPods-A_Category.a"; sourceTree = BUILT_PRODUCTS_DIR; };
/* End PBXFileReference section */

/* Begin PBXFrameworksBuildPhase section */
		943177101F6904F700CEED44 /* Frameworks */ = {
			isa = PBXFrameworksBuildPhase;
			buildActionMask = 2147483647;
			files = (
				4062F3C8103C58048021656C /* libPods-A_Category.a in Frameworks */,
			);
			runOnlyForDeploymentPostprocessing = 0;
		};
/* End PBXFrameworksBuildPhase section */

/* Begin PBXGroup section */
		9431770A1F6904F700CEED44 = {
			isa = PBXGroup;
			children = (
				943177151F6904F700CEED44 /* A_Category */,
				943177141F6904F700CEED44 /* Products */,
				9E3A7845B6377DDD0C3C4EE0 /* Pods */,
				AB437D592945BBADF45EC331 /* Frameworks */,
			);
			sourceTree = "<group>";
		};
		943177141F6904F700CEED44 /* Products */ = {
			isa = PBXGroup;
			children = (
				943177131F6904F700CEED44 /* A_Category.app */,
			);
			name = Products;
			sourceTree = "<group>";
		};
		943177151F6904F700CEED44 /* A_Category */ = {
			isa = PBXGroup;
			children = (
				943177191F6904F700CEED44 /* AppDelegate.h */,
				9431771A1F6904F700CEED44 /* AppDelegate.m */,
				9431771C1F6904F700CEED44 /* ViewController.h */,
				9431771D1F6904F700CEED44 /* ViewController.m */,
				9431771F1F6904F700CEED44 /* Main.storyboard */,
				943177221F6904F700CEED44 /* Assets.xcassets */,
				943177241F6904F700CEED44 /* LaunchScreen.storyboard */,
				943177271F6904F700CEED44 /* Info.plist */,
				943177161F6904F700CEED44 /* Supporting Files */,
				9431772F1F690ED500CEED44 /* CTMediator+A.h */,
				9431772D1F690EBB00CEED44 /* CTMediator+A.m */,
			);
			path = A_Category;
			sourceTree = "<group>";
		};
		943177161F6904F700CEED44 /* Supporting Files */ = {
			isa = PBXGroup;
			children = (
				943177171F6904F700CEED44 /* main.m */,
			);
			name = "Supporting Files";
			sourceTree = "<group>";
		};
		9E3A7845B6377DDD0C3C4EE0 /* Pods */ = {
			isa = PBXGroup;
			children = (
				AEB6BFB19B32CAAB6B27FB28 /* Pods-A_Category.debug.xcconfig */,
				5B9B9D2E483FAD73D53ED0F1 /* Pods-A_Category.release.xcconfig */,
			);
			name = Pods;
			sourceTree = "<group>";
		};
		AB437D592945BBADF45EC331 /* Frameworks */ = {
			isa = PBXGroup;
			children = (
				E9064B4457A03C6856BE5510 /* libPods-A_Category.a */,
			);
			name = Frameworks;
			sourceTree = "<group>";
		};
/* End PBXGroup section */

/* Begin PBXNativeTarget section */
		943177121F6904F700CEED44 /* A_Category */ = {
			isa = PBXNativeTarget;
			buildConfigurationList = 9431772A1F6904F700CEED44 /* Build configuration list for PBXNativeTarget "A_Category" */;
			buildPhases = (
				78B2381D620E59C8152DFE72 /* [CP] Check Pods Manifest.lock */,
				9431770F1F6904F700CEED44 /* Sources */,
				943177101F6904F700CEED44 /* Frameworks */,
				943177111F6904F700CEED44 /* Resources */,
				2EDC5AEC51E230E81E29DF2D /* [CP] Embed Pods Frameworks */,
				845FEC4A67A152809A084323 /* [CP] Copy Pods Resources */,
			);
			buildRules = (
			);
			dependencies = (
			);
			name = A_Category;
			productName = A_Category;
			productReference = 943177131F6904F700CEED44 /* A_Category.app */;
			productType = "com.apple.product-type.application";
		};
/* End PBXNativeTarget section */

/* Begin PBXProject section */
		9431770B1F6904F700CEED44 /* Project object */ = {
			isa = PBXProject;
			attributes = {
				LastUpgradeCheck = 0830;
				ORGANIZATIONNAME = chenyun;
				TargetAttributes = {
					943177121F6904F700CEED44 = {
						CreatedOnToolsVersion = 8.3.3;
						DevelopmentTeam = 4TCW3KT5AU;
						ProvisioningStyle = Automatic;
					};
				};
			};
			buildConfigurationList = 9431770E1F6904F700CEED44 /* Build configuration list for PBXProject "A_Category" */;
			compatibilityVersion = "Xcode 3.2";
			developmentRegion = English;
			hasScannedForEncodings = 0;
			knownRegions = (
				en,
				Base,
			);
			mainGroup = 9431770A1F6904F700CEED44;
			productRefGroup = 943177141F6904F700CEED44 /* Products */;
			projectDirPath = "";
			projectRoot = "";
			targets = (
				943177121F6904F700CEED44 /* A_Category */,
			);
		};
/* End PBXProject section */

/* Begin PBXResourcesBuildPhase section */
		943177111F6904F700CEED44 /* Resources */ = {
			isa = PBXResourcesBuildPhase;
			buildActionMask = 2147483647;
			files = (
				943177261F6904F700CEED44 /* LaunchScreen.storyboard in Resources */,
				943177231F6904F700CEED44 /* Assets.xcassets in Resources */,
				943177211F6904F700CEED44 /* Main.storyboard in Resources */,
			);
			runOnlyForDeploymentPostprocessing = 0;
		};
/* End PBXResourcesBuildPhase section */

/* Begin PBXShellScriptBuildPhase section */
		2EDC5AEC51E230E81E29DF2D /* [CP] Embed Pods Frameworks */ = {
			isa = PBXShellScriptBuildPhase;
			buildActionMask = 2147483647;
			files = (
			);
			inputPaths = (
			);
			name = "[CP] Embed Pods Frameworks";
			outputPaths = (
			);
			runOnlyForDeploymentPostprocessing = 0;
			shellPath = /bin/sh;
			shellScript = "\"${SRCROOT}/Pods/Target Support Files/Pods-A_Category/Pods-A_Category-frameworks.sh\"\n";
			showEnvVarsInLog = 0;
		};
		78B2381D620E59C8152DFE72 /* [CP] Check Pods Manifest.lock */ = {
			isa = PBXShellScriptBuildPhase;
			buildActionMask = 2147483647;
			files = (
			);
			inputPaths = (
			);
			name = "[CP] Check Pods Manifest.lock";
			outputPaths = (
			);
			runOnlyForDeploymentPostprocessing = 0;
			shellPath = /bin/sh;
			shellScript = "diff \"${PODS_PODFILE_DIR_PATH}/Podfile.lock\" \"${PODS_ROOT}/Manifest.lock\" > /dev/null\nif [ $? != 0 ] ; then\n    # print error to STDERR\n    echo \"error: The sandbox is not in sync with the Podfile.lock. Run 'pod install' or update your CocoaPods installation.\" >&2\n    exit 1\nfi\n";
			showEnvVarsInLog = 0;
		};
		845FEC4A67A152809A084323 /* [CP] Copy Pods Resources */ = {
			isa = PBXShellScriptBuildPhase;
			buildActionMask = 2147483647;
			files = (
			);
			inputPaths = (
			);
			name = "[CP] Copy Pods Resources";
			outputPaths = (
			);
			runOnlyForDeploymentPostprocessing = 0;
			shellPath = /bin/sh;
			shellScript = "\"${SRCROOT}/Pods/Target Support Files/Pods-A_Category/Pods-A_Category-resources.sh\"\n";
			showEnvVarsInLog = 0;
		};
/* End PBXShellScriptBuildPhase section */

/* Begin PBXSourcesBuildPhase section */
		9431770F1F6904F700CEED44 /* Sources */ = {
			isa = PBXSourcesBuildPhase;
			buildActionMask = 2147483647;
			files = (
				9431771E1F6904F700CEED44 /* ViewController.m in Sources */,
				9431772E1F690EBB00CEED44 /* CTMediator+A.m in Sources */,
				9431771B1F6904F700CEED44 /* AppDelegate.m in Sources */,
				943177181F6904F700CEED44 /* main.m in Sources */,
			);
			runOnlyForDeploymentPostprocessing = 0;
		};
/* End PBXSourcesBuildPhase section */

/* Begin PBXVariantGroup section */
		9431771F1F6904F700CEED44 /* Main.storyboard */ = {
			isa = PBXVariantGroup;
			children = (
				943177201F6904F700CEED44 /* Base */,
			);
			name = Main.storyboard;
			sourceTree = "<group>";
		};
		943177241F6904F700CEED44 /* LaunchScreen.storyboard */ = {
			isa = PBXVariantGroup;
			children = (
				943177251F6904F700CEED44 /* Base */,
			);
			name = LaunchScreen.storyboard;
			sourceTree = "<group>";
		};
/* End PBXVariantGroup section */

/* Begin XCBuildConfiguration section */
		943177281F6904F700CEED44 /* Debug */ = {
			isa = XCBuildConfiguration;
			buildSettings = {
				ALWAYS_SEARCH_USER_PATHS = NO;
				CLANG_ANALYZER_NONNULL = YES;
				CLANG_ANALYZER_NUMBER_OBJECT_CONVERSION = YES_AGGRESSIVE;
				CLANG_CXX_LANGUAGE_STANDARD = "gnu++0x";
				CLANG_CXX_LIBRARY = "libc++";
				CLANG_ENABLE_MODULES = YES;
				CLANG_ENABLE_OBJC_ARC = YES;
				CLANG_WARN_BOOL_CONVERSION = YES;
				CLANG_WARN_CONSTANT_CONVERSION = YES;
				CLANG_WARN_DIRECT_OBJC_ISA_USAGE = YES_ERROR;
				CLANG_WARN_DOCUMENTATION_COMMENTS = YES;
				CLANG_WARN_EMPTY_BODY = YES;
				CLANG_WARN_ENUM_CONVERSION = YES;
				CLANG_WARN_INFINITE_RECURSION = YES;
				CLANG_WARN_INT_CONVERSION = YES;
				CLANG_WARN_OBJC_ROOT_CLASS = YES_ERROR;
				CLANG_WARN_SUSPICIOUS_MOVE = YES;
				CLANG_WARN_UNREACHABLE_CODE = YES;
				CLANG_WARN__DUPLICATE_METHOD_MATCH = YES;
				"CODE_SIGN_IDENTITY[sdk=iphoneos*]" = "iPhone Developer";
				COPY_PHASE_STRIP = NO;
				DEBUG_INFORMATION_FORMAT = dwarf;
				ENABLE_STRICT_OBJC_MSGSEND = YES;
				ENABLE_TESTABILITY = YES;
				GCC_C_LANGUAGE_STANDARD = gnu99;
				GCC_DYNAMIC_NO_PIC = NO;
				GCC_NO_COMMON_BLOCKS = YES;
				GCC_OPTIMIZATION_LEVEL = 0;
				GCC_PREPROCESSOR_DEFINITIONS = (
					"DEBUG=1",
					"$(inherited)",
				);
				GCC_WARN_64_TO_32_BIT_CONVERSION = YES;
				GCC_WARN_ABOUT_RETURN_TYPE = YES_ERROR;
				GCC_WARN_UNDECLARED_SELECTOR = YES;
				GCC_WARN_UNINITIALIZED_AUTOS = YES_AGGRESSIVE;
				GCC_WARN_UNUSED_FUNCTION = YES;
				GCC_WARN_UNUSED_VARIABLE = YES;
				IPHONEOS_DEPLOYMENT_TARGET = 10.3;
				MTL_ENABLE_DEBUG_INFO = YES;
				ONLY_ACTIVE_ARCH = YES;
				SDKROOT = iphoneos;
			};
			name = Debug;
		};
		943177291F6904F700CEED44 /* Release */ = {
			isa = XCBuildConfiguration;
			buildSettings = {
				ALWAYS_SEARCH_USER_PATHS = NO;
				CLANG_ANALYZER_NONNULL = YES;
				CLANG_ANALYZER_NUMBER_OBJECT_CONVERSION = YES_AGGRESSIVE;
				CLANG_CXX_LANGUAGE_STANDARD = "gnu++0x";
				CLANG_CXX_LIBRARY = "libc++";
				CLANG_ENABLE_MODULES = YES;
				CLANG_ENABLE_OBJC_ARC = YES;
				CLANG_WARN_BOOL_CONVERSION = YES;
				CLANG_WARN_CONSTANT_CONVERSION = YES;
				CLANG_WARN_DIRECT_OBJC_ISA_USAGE = YES_ERROR;
				CLANG_WARN_DOCUMENTATION_COMMENTS = YES;
				CLANG_WARN_EMPTY_BODY = YES;
				CLANG_WARN_ENUM_CONVERSION = YES;
				CLANG_WARN_INFINITE_RECURSION = YES;
				CLANG_WARN_INT_CONVERSION = YES;
				CLANG_WARN_OBJC_ROOT_CLASS = YES_ERROR;
				CLANG_WARN_SUSPICIOUS_MOVE = YES;
				CLANG_WARN_UNREACHABLE_CODE = YES;
				CLANG_WARN__DUPLICATE_METHOD_MATCH = YES;
				"CODE_SIGN_IDENTITY[sdk=iphoneos*]" = "iPhone Developer";
				COPY_PHASE_STRIP = NO;
				DEBUG_INFORMATION_FORMAT = "dwarf-with-dsym";
				ENABLE_NS_ASSERTIONS = NO;
				ENABLE_STRICT_OBJC_MSGSEND = YES;
				GCC_C_LANGUAGE_STANDARD = gnu99;
				GCC_NO_COMMON_BLOCKS = YES;
				GCC_WARN_64_TO_32_BIT_CONVERSION = YES;
				GCC_WARN_ABOUT_RETURN_TYPE = YES_ERROR;
				GCC_WARN_UNDECLARED_SELECTOR = YES;
				GCC_WARN_UNINITIALIZED_AUTOS = YES_AGGRESSIVE;
				GCC_WARN_UNUSED_FUNCTION = YES;
				GCC_WARN_UNUSED_VARIABLE = YES;
				IPHONEOS_DEPLOYMENT_TARGET = 10.3;
				MTL_ENABLE_DEBUG_INFO = NO;
				SDKROOT = iphoneos;
				VALIDATE_PRODUCT = YES;
			};
			name = Release;
		};
		9431772B1F6904F700CEED44 /* Debug */ = {
			isa = XCBuildConfiguration;
			baseConfigurationReference = AEB6BFB19B32CAAB6B27FB28 /* Pods-A_Category.debug.xcconfig */;
			buildSettings = {
				ASSETCATALOG_COMPILER_APPICON_NAME = AppIcon;
				DEVELOPMENT_TEAM = 4TCW3KT5AU;
				INFOPLIST_FILE = A_Category/Info.plist;
				LD_RUNPATH_SEARCH_PATHS = "$(inherited) @executable_path/Frameworks";
				PRODUCT_BUNDLE_IDENTIFIER = "chenyun.com.A-Category";
				PRODUCT_NAME = "$(TARGET_NAME)";
			};
			name = Debug;
		};
		9431772C1F6904F700CEED44 /* Release */ = {
			isa = XCBuildConfiguration;
			baseConfigurationReference = 5B9B9D2E483FAD73D53ED0F1 /* Pods-A_Category.release.xcconfig */;
			buildSettings = {
				ASSETCATALOG_COMPILER_APPICON_NAME = AppIcon;
				DEVELOPMENT_TEAM = 4TCW3KT5AU;
				INFOPLIST_FILE = A_Category/Info.plist;
				LD_RUNPATH_SEARCH_PATHS = "$(inherited) @executable_path/Frameworks";
				PRODUCT_BUNDLE_IDENTIFIER = "chenyun.com.A-Category";
				PRODUCT_NAME = "$(TARGET_NAME)";
			};
			name = Release;
		};
/* End XCBuildConfiguration section */

/* Begin XCConfigurationList section */
		9431770E1F6904F700CEED44 /* Build configuration list for PBXProject "A_Category" */ = {
			isa = XCConfigurationList;
			buildConfigurations = (
				943177281F6904F700CEED44 /* Debug */,
				943177291F6904F700CEED44 /* Release */,
			);
			defaultConfigurationIsVisible = 0;
			defaultConfigurationName = Release;
		};
		9431772A1F6904F700CEED44 /* Build configuration list for PBXNativeTarget "A_Category" */ = {
			isa = XCConfigurationList;
			buildConfigurations = (
				9431772B1F6904F700CEED44 /* Debug */,
				9431772C1F6904F700CEED44 /* Release */,
			);
			defaultConfigurationIsVisible = 0;
			defaultConfigurationName = Release;
		};
/* End XCConfigurationList section */
	};
	rootObject = 9431770B1F6904F700CEED44 /* Project object */;
}
